
Microsoft Visual Studio Solution File, Format Version 12.00
# Visual Studio Version 17
VisualStudioVersion = 17.1.32210.238
MinimumVisualStudioVersion = 10.0.40219.1
Project("{FAE04EC0-301F-11D3-BF4B-00C04F79EFBC}") = "VectorUI", "VectorUI\VectorUI.csproj", "{CF79D3B5-CB38-4F41-BCB6-B469AFFD9028}"
EndProject
Project("{9A19103F-16F7-4668-BE54-9A1E7A4F7556}") = "VectorLib", "Vector\VectorLib.csproj", "{175351DA-6E75-44EC-9FBC-04ADAD03B956}"
EndProject
Project("{9A19103F-16F7-4668-BE54-9A1E7A4F7556}") = "PolynomialLib", "Polynomial\PolynomialLib.csproj", "{9FB54662-3E6D-4006-92BA-F7B7C3CE4769}"
EndProject
Project("{9A19103F-16F7-4668-BE54-9A1E7A4F7556}") = "PolynomialUI", "PolynomialUI\PolynomialUI.csproj", "{93BDED23-41D7-4AB3-9DC6-73F6478406A7}"
EndProject
Project("{9A19103F-16F7-4668-BE54-9A1E7A4F7556}") = "PolynomialTests", "PolynomialTests\PolynomialTests.csproj", "{A01DDEE3-767F-4176-951B-7F35CB58CA76}"
EndProject
Project("{9A19103F-16F7-4668-BE54-9A1E7A4F7556}") = "VectorTests", "VectorTests\VectorTests.csproj", "{779BE60D-E41C-477A-89BB-51E0FB5FF3BA}"
EndProject
Project("{9A19103F-16F7-4668-BE54-9A1E7A4F7556}") = "ProgramUserInteraction", "..\..\..\Tools\ProgramUserInteraction\ProgramUserInteraction.csproj", "{A8AA95EA-582F-4C28-B614-EAC4D2BB43A7}"
EndProject
Project("{2150E333-8FDC-42A3-9474-1A3956D46DE8}") = "UI", "UI", "{4B57E1A7-2B10-4E99-A129-44DC824BFAE0}"
EndProject
Project("{2150E333-8FDC-42A3-9474-1A3956D46DE8}") = "Tests", "Tests", "{8D9F3947-4AAA-461A-AC59-BF05CFC814CE}"
EndProject
Project("{2150E333-8FDC-42A3-9474-1A3956D46DE8}") = "Lib", "Lib", "{DA42BDC0-DFDF-4EB5-887E-A9D1CF5C4086}"
EndProject
Project("{2150E333-8FDC-42A3-9474-1A3956D46DE8}") = "Tools", "Tools", "{9E406949-3C5E-4FDA-9D61-946078582E79}"
EndProject
Project("{9A19103F-16F7-4668-BE54-9A1E7A4F7556}") = "Validation", "..\..\..\Tools\Validators\Validation.csproj", "{B57E5E00-65E0-4A83-84E5-C375ABA837D4}"
EndProject
Global
	GlobalSection(SolutionConfigurationPlatforms) = preSolution
		Debug|Any CPU = Debug|Any CPU
		Release|Any CPU = Release|Any CPU
	EndGlobalSection
	GlobalSection(ProjectConfigurationPlatforms) = postSolution
		{CF79D3B5-CB38-4F41-BCB6-B469AFFD9028}.Debug|Any CPU.ActiveCfg = Debug|Any CPU
		{CF79D3B5-CB38-4F41-BCB6-B469AFFD9028}.Debug|Any CPU.Build.0 = Debug|Any CPU
		{CF79D3B5-CB38-4F41-BCB6-B469AFFD9028}.Release|Any CPU.ActiveCfg = Release|Any CPU
		{CF79D3B5-CB38-4F41-BCB6-B469AFFD9028}.Release|Any CPU.Build.0 = Release|Any CPU
		{175351DA-6E75-44EC-9FBC-04ADAD03B956}.Debug|Any CPU.ActiveCfg = Debug|Any CPU
		{175351DA-6E75-44EC-9FBC-04ADAD03B956}.Debug|Any CPU.Build.0 = Debug|Any CPU
		{175351DA-6E75-44EC-9FBC-04ADAD03B956}.Release|Any CPU.ActiveCfg = Release|Any CPU
		{175351DA-6E75-44EC-9FBC-04ADAD03B956}.Release|Any CPU.Build.0 = Release|Any CPU
		{9FB54662-3E6D-4006-92BA-F7B7C3CE4769}.Debug|Any CPU.ActiveCfg = Debug|Any CPU
		{9FB54662-3E6D-4006-92BA-F7B7C3CE4769}.Debug|Any CPU.Build.0 = Debug|Any CPU
		{9FB54662-3E6D-4006-92BA-F7B7C3CE4769}.Release|Any CPU.ActiveCfg = Release|Any CPU
		{9FB54662-3E6D-4006-92BA-F7B7C3CE4769}.Release|Any CPU.Build.0 = Release|Any CPU
		{93BDED23-41D7-4AB3-9DC6-73F6478406A7}.Debug|Any CPU.ActiveCfg = Debug|Any CPU
		{93BDED23-41D7-4AB3-9DC6-73F6478406A7}.Debug|Any CPU.Build.0 = Debug|Any CPU
		{93BDED23-41D7-4AB3-9DC6-73F6478406A7}.Release|Any CPU.ActiveCfg = Release|Any CPU
		{93BDED23-41D7-4AB3-9DC6-73F6478406A7}.Release|Any CPU.Build.0 = Release|Any CPU
		{A01DDEE3-767F-4176-951B-7F35CB58CA76}.Debug|Any CPU.ActiveCfg = Debug|Any CPU
		{A01DDEE3-767F-4176-951B-7F35CB58CA76}.Debug|Any CPU.Build.0 = Debug|Any CPU
		{A01DDEE3-767F-4176-951B-7F35CB58CA76}.Release|Any CPU.ActiveCfg = Release|Any CPU
		{A01DDEE3-767F-4176-951B-7F35CB58CA76}.Release|Any CPU.Build.0 = Release|Any CPU
		{779BE60D-E41C-477A-89BB-51E0FB5FF3BA}.Debug|Any CPU.ActiveCfg = Debug|Any CPU
		{779BE60D-E41C-477A-89BB-51E0FB5FF3BA}.Debug|Any CPU.Build.0 = Debug|Any CPU
		{779BE60D-E41C-477A-89BB-51E0FB5FF3BA}.Release|Any CPU.ActiveCfg = Release|Any CPU
		{779BE60D-E41C-477A-89BB-51E0FB5FF3BA}.Release|Any CPU.Build.0 = Release|Any CPU
		{A8AA95EA-582F-4C28-B614-EAC4D2BB43A7}.Debug|Any CPU.ActiveCfg = Debug|Any CPU
		{A8AA95EA-582F-4C28-B614-EAC4D2BB43A7}.Debug|Any CPU.Build.0 = Debug|Any CPU
		{A8AA95EA-582F-4C28-B614-EAC4D2BB43A7}.Release|Any CPU.ActiveCfg = Release|Any CPU
		{A8AA95EA-582F-4C28-B614-EAC4D2BB43A7}.Release|Any CPU.Build.0 = Release|Any CPU
		{B57E5E00-65E0-4A83-84E5-C375ABA837D4}.Debug|Any CPU.ActiveCfg = Debug|Any CPU
		{B57E5E00-65E0-4A83-84E5-C375ABA837D4}.Debug|Any CPU.Build.0 = Debug|Any CPU
		{B57E5E00-65E0-4A83-84E5-C375ABA837D4}.Release|Any CPU.ActiveCfg = Release|Any CPU
		{B57E5E00-65E0-4A83-84E5-C375ABA837D4}.Release|Any CPU.Build.0 = Release|Any CPU
	EndGlobalSection
	GlobalSection(SolutionProperties) = preSolution
		HideSolutionNode = FALSE
	EndGlobalSection
	GlobalSection(NestedProjects) = preSolution
		{CF79D3B5-CB38-4F41-BCB6-B469AFFD9028} = {4B57E1A7-2B10-4E99-A129-44DC824BFAE0}
		{175351DA-6E75-44EC-9FBC-04ADAD03B956} = {DA42BDC0-DFDF-4EB5-887E-A9D1CF5C4086}
		{9FB54662-3E6D-4006-92BA-F7B7C3CE4769} = {DA42BDC0-DFDF-4EB5-887E-A9D1CF5C4086}
		{93BDED23-41D7-4AB3-9DC6-73F6478406A7} = {4B57E1A7-2B10-4E99-A129-44DC824BFAE0}
		{A01DDEE3-767F-4176-951B-7F35CB58CA76} = {8D9F3947-4AAA-461A-AC59-BF05CFC814CE}
		{779BE60D-E41C-477A-89BB-51E0FB5FF3BA} = {8D9F3947-4AAA-461A-AC59-BF05CFC814CE}
		{A8AA95EA-582F-4C28-B614-EAC4D2BB43A7} = {9E406949-3C5E-4FDA-9D61-946078582E79}
		{B57E5E00-65E0-4A83-84E5-C375ABA837D4} = {9E406949-3C5E-4FDA-9D61-946078582E79}
	EndGlobalSection
	GlobalSection(ExtensibilityGlobals) = postSolution
		SolutionGuid = {7DA54F42-FB7C-43C7-95CD-15103B093FE8}
	EndGlobalSection
EndGlobal
