
Microsoft Visual Studio Solution File, Format Version 12.00
# Visual Studio Version 17
VisualStudioVersion = 17.1.32414.318
MinimumVisualStudioVersion = 10.0.40219.1
Project("{FAE04EC0-301F-11D3-BF4B-00C04F79EFBC}") = "Task_12", "Task_12\Task_12.csproj", "{9C3DD227-AD81-471A-9C61-E303323A1E15}"
EndProject
Project("{9A19103F-16F7-4668-BE54-9A1E7A4F7556}") = "SearchTrees", "..\..\..\..\CSharp 03 Generics\CSharp 11\Task_11\SearchTrees\SearchTrees.csproj", "{4A778F56-27ED-40E6-BF4E-5BA8E50F3A10}"
EndProject
Project("{9A19103F-16F7-4668-BE54-9A1E7A4F7556}") = "Exams", "..\..\..\..\CSharp 03 Generics\CSharp 11\Task_11\Exams\Exams.csproj", "{E95C4C3B-AD33-4F8B-BB72-BED09431C9EC}"
EndProject
Global
	GlobalSection(SolutionConfigurationPlatforms) = preSolution
		Debug|Any CPU = Debug|Any CPU
		Release|Any CPU = Release|Any CPU
	EndGlobalSection
	GlobalSection(ProjectConfigurationPlatforms) = postSolution
		{9C3DD227-AD81-471A-9C61-E303323A1E15}.Debug|Any CPU.ActiveCfg = Debug|Any CPU
		{9C3DD227-AD81-471A-9C61-E303323A1E15}.Debug|Any CPU.Build.0 = Debug|Any CPU
		{9C3DD227-AD81-471A-9C61-E303323A1E15}.Release|Any CPU.ActiveCfg = Release|Any CPU
		{9C3DD227-AD81-471A-9C61-E303323A1E15}.Release|Any CPU.Build.0 = Release|Any CPU
		{4A778F56-27ED-40E6-BF4E-5BA8E50F3A10}.Debug|Any CPU.ActiveCfg = Debug|Any CPU
		{4A778F56-27ED-40E6-BF4E-5BA8E50F3A10}.Debug|Any CPU.Build.0 = Debug|Any CPU
		{4A778F56-27ED-40E6-BF4E-5BA8E50F3A10}.Release|Any CPU.ActiveCfg = Release|Any CPU
		{4A778F56-27ED-40E6-BF4E-5BA8E50F3A10}.Release|Any CPU.Build.0 = Release|Any CPU
		{E95C4C3B-AD33-4F8B-BB72-BED09431C9EC}.Debug|Any CPU.ActiveCfg = Debug|Any CPU
		{E95C4C3B-AD33-4F8B-BB72-BED09431C9EC}.Debug|Any CPU.Build.0 = Debug|Any CPU
		{E95C4C3B-AD33-4F8B-BB72-BED09431C9EC}.Release|Any CPU.ActiveCfg = Release|Any CPU
		{E95C4C3B-AD33-4F8B-BB72-BED09431C9EC}.Release|Any CPU.Build.0 = Release|Any CPU
	EndGlobalSection
	GlobalSection(SolutionProperties) = preSolution
		HideSolutionNode = FALSE
	EndGlobalSection
	GlobalSection(ExtensibilityGlobals) = postSolution
		SolutionGuid = {880742A8-D273-44D7-8C77-39C164C4A3D3}
	EndGlobalSection
EndGlobal
