
Microsoft Visual Studio Solution File, Format Version 12.00
# Visual Studio Version 17
VisualStudioVersion = 17.1.32210.238
MinimumVisualStudioVersion = 10.0.40219.1
Project("{9A19103F-16F7-4668-BE54-9A1E7A4F7556}") = "EuclideanMathematics", "EuclideanMathematics\EuclideanMathematics.csproj", "{0FEA8F7E-5D6E-445E-97F3-C1B3C364EF05}"
EndProject
Project("{9A19103F-16F7-4668-BE54-9A1E7A4F7556}") = "EuclideanMathematicsTests", "EuclideanMathematicsTests\EuclideanMathematicsTests.csproj", "{D157D08B-735A-4374-A759-C78E6BE06450}"
EndProject
Project("{9A19103F-16F7-4668-BE54-9A1E7A4F7556}") = "EuclideanMathematicsUI", "EuclideanMathematicsUI\EuclideanMathematicsUI.csproj", "{BD7E2ADC-F567-4CAD-AA5A-4C7CDD789A00}"
EndProject
Project("{9A19103F-16F7-4668-BE54-9A1E7A4F7556}") = "Validation", "..\..\..\Tools\Validators\Validation.csproj", "{28D72A5C-7475-4C22-BD45-221FF9970AE9}"
EndProject
Project("{9A19103F-16F7-4668-BE54-9A1E7A4F7556}") = "ProgramUserInteraction", "..\..\..\Tools\ProgramUserInteraction\ProgramUserInteraction.csproj", "{9B77DC09-9B34-46CE-B898-FF871EBFF52D}"
EndProject
Global
	GlobalSection(SolutionConfigurationPlatforms) = preSolution
		Debug|Any CPU = Debug|Any CPU
		Release|Any CPU = Release|Any CPU
	EndGlobalSection
	GlobalSection(ProjectConfigurationPlatforms) = postSolution
		{0FEA8F7E-5D6E-445E-97F3-C1B3C364EF05}.Debug|Any CPU.ActiveCfg = Debug|Any CPU
		{0FEA8F7E-5D6E-445E-97F3-C1B3C364EF05}.Debug|Any CPU.Build.0 = Debug|Any CPU
		{0FEA8F7E-5D6E-445E-97F3-C1B3C364EF05}.Release|Any CPU.ActiveCfg = Release|Any CPU
		{0FEA8F7E-5D6E-445E-97F3-C1B3C364EF05}.Release|Any CPU.Build.0 = Release|Any CPU
		{D157D08B-735A-4374-A759-C78E6BE06450}.Debug|Any CPU.ActiveCfg = Debug|Any CPU
		{D157D08B-735A-4374-A759-C78E6BE06450}.Debug|Any CPU.Build.0 = Debug|Any CPU
		{D157D08B-735A-4374-A759-C78E6BE06450}.Release|Any CPU.ActiveCfg = Release|Any CPU
		{D157D08B-735A-4374-A759-C78E6BE06450}.Release|Any CPU.Build.0 = Release|Any CPU
		{BD7E2ADC-F567-4CAD-AA5A-4C7CDD789A00}.Debug|Any CPU.ActiveCfg = Debug|Any CPU
		{BD7E2ADC-F567-4CAD-AA5A-4C7CDD789A00}.Debug|Any CPU.Build.0 = Debug|Any CPU
		{BD7E2ADC-F567-4CAD-AA5A-4C7CDD789A00}.Release|Any CPU.ActiveCfg = Release|Any CPU
		{BD7E2ADC-F567-4CAD-AA5A-4C7CDD789A00}.Release|Any CPU.Build.0 = Release|Any CPU
		{28D72A5C-7475-4C22-BD45-221FF9970AE9}.Debug|Any CPU.ActiveCfg = Debug|Any CPU
		{28D72A5C-7475-4C22-BD45-221FF9970AE9}.Debug|Any CPU.Build.0 = Debug|Any CPU
		{28D72A5C-7475-4C22-BD45-221FF9970AE9}.Release|Any CPU.ActiveCfg = Release|Any CPU
		{28D72A5C-7475-4C22-BD45-221FF9970AE9}.Release|Any CPU.Build.0 = Release|Any CPU
		{9B77DC09-9B34-46CE-B898-FF871EBFF52D}.Debug|Any CPU.ActiveCfg = Debug|Any CPU
		{9B77DC09-9B34-46CE-B898-FF871EBFF52D}.Debug|Any CPU.Build.0 = Debug|Any CPU
		{9B77DC09-9B34-46CE-B898-FF871EBFF52D}.Release|Any CPU.ActiveCfg = Release|Any CPU
		{9B77DC09-9B34-46CE-B898-FF871EBFF52D}.Release|Any CPU.Build.0 = Release|Any CPU
	EndGlobalSection
	GlobalSection(SolutionProperties) = preSolution
		HideSolutionNode = FALSE
	EndGlobalSection
	GlobalSection(ExtensibilityGlobals) = postSolution
		SolutionGuid = {DA910B92-57AE-4603-978A-C5E9505434BC}
	EndGlobalSection
EndGlobal
