
Microsoft Visual Studio Solution File, Format Version 12.00
# Visual Studio Version 17
VisualStudioVersion = 17.2.32630.192
MinimumVisualStudioVersion = 10.0.40219.1
Project("{9A19103F-16F7-4668-BE54-9A1E7A4F7556}") = "AttendanceLog", "AttendanceLog\AttendanceLog.csproj", "{F22AF6C0-C633-46C7-B51E-206841FF1FE5}"
EndProject
Project("{9A19103F-16F7-4668-BE54-9A1E7A4F7556}") = "Models", "Models\Models.csproj", "{E39B775E-6405-4A3C-AD40-A0878F134A95}"
EndProject
Project("{9A19103F-16F7-4668-BE54-9A1E7A4F7556}") = "DataAccess.StudentEngine", "DataAccess.StudentEngine\DataAccess.StudentEngine.csproj", "{E118B851-6EB9-40EF-890A-B508E5A87F11}"
EndProject
Project("{9A19103F-16F7-4668-BE54-9A1E7A4F7556}") = "DataAccess.LectureEngine", "DataAccess.LectureEngine\DataAccess.LectureEngine.csproj", "{A05CF359-9434-4A84-86BB-546FCBB1965E}"
EndProject
Project("{9A19103F-16F7-4668-BE54-9A1E7A4F7556}") = "DataAccess.AttendanceEngine", "DataAccess.AttendanceEngine\DataAccess.AttendanceEngine.csproj", "{28827D07-7958-428A-A9D3-48D0E10445EF}"
EndProject
Project("{9A19103F-16F7-4668-BE54-9A1E7A4F7556}") = "DataAccess.DatabaseEngine", "DataAccess.DatabaseEngine\DataAccess.DatabaseEngine.csproj", "{F8B57771-BE17-4CFC-8049-DC089A2E8A1D}"
EndProject
Project("{9A19103F-16F7-4668-BE54-9A1E7A4F7556}") = "BusinessLogic.Student", "BusinessLogic.Student\BusinessLogic.Student.csproj", "{D22F7C1A-D352-46B2-B96B-51829E2DEC0F}"
EndProject
Project("{9A19103F-16F7-4668-BE54-9A1E7A4F7556}") = "BusinessLogic.Lecture", "BusinessLogic.Lecture\BusinessLogic.Lecture.csproj", "{12E5E5F4-DC2B-420B-8B16-5C92BB733568}"
EndProject
Project("{9A19103F-16F7-4668-BE54-9A1E7A4F7556}") = "BusinessLogic.Database", "BusinessLogic.Database\BusinessLogic.Database.csproj", "{AC156D1C-28A3-401B-BB84-FAD3BF85B833}"
EndProject
Project("{9A19103F-16F7-4668-BE54-9A1E7A4F7556}") = "BusinessLogic.Attendance", "BusinessLogic.Attendance\BusinessLogic.Attendance.csproj", "{75C1CE9F-5A53-45B2-8968-05F1377FD5BB}"
EndProject
Project("{9A19103F-16F7-4668-BE54-9A1E7A4F7556}") = "BusinessLogic", "BusinessLogic\BusinessLogic.csproj", "{0E8BDF77-7072-41EA-829A-FA86A73E1D20}"
EndProject
Project("{FAE04EC0-301F-11D3-BF4B-00C04F79EFBC}") = "DataAccess", "DataAccess\DataAccess.csproj", "{BF89D53F-5607-4CB8-8451-10FD11821E3F}"
EndProject
Global
	GlobalSection(SolutionConfigurationPlatforms) = preSolution
		Debug|Any CPU = Debug|Any CPU
		Release|Any CPU = Release|Any CPU
	EndGlobalSection
	GlobalSection(ProjectConfigurationPlatforms) = postSolution
		{F22AF6C0-C633-46C7-B51E-206841FF1FE5}.Debug|Any CPU.ActiveCfg = Debug|Any CPU
		{F22AF6C0-C633-46C7-B51E-206841FF1FE5}.Debug|Any CPU.Build.0 = Debug|Any CPU
		{F22AF6C0-C633-46C7-B51E-206841FF1FE5}.Release|Any CPU.ActiveCfg = Release|Any CPU
		{F22AF6C0-C633-46C7-B51E-206841FF1FE5}.Release|Any CPU.Build.0 = Release|Any CPU
		{E39B775E-6405-4A3C-AD40-A0878F134A95}.Debug|Any CPU.ActiveCfg = Debug|Any CPU
		{E39B775E-6405-4A3C-AD40-A0878F134A95}.Debug|Any CPU.Build.0 = Debug|Any CPU
		{E39B775E-6405-4A3C-AD40-A0878F134A95}.Release|Any CPU.ActiveCfg = Release|Any CPU
		{E39B775E-6405-4A3C-AD40-A0878F134A95}.Release|Any CPU.Build.0 = Release|Any CPU
		{E118B851-6EB9-40EF-890A-B508E5A87F11}.Debug|Any CPU.ActiveCfg = Debug|Any CPU
		{E118B851-6EB9-40EF-890A-B508E5A87F11}.Debug|Any CPU.Build.0 = Debug|Any CPU
		{E118B851-6EB9-40EF-890A-B508E5A87F11}.Release|Any CPU.ActiveCfg = Release|Any CPU
		{E118B851-6EB9-40EF-890A-B508E5A87F11}.Release|Any CPU.Build.0 = Release|Any CPU
		{A05CF359-9434-4A84-86BB-546FCBB1965E}.Debug|Any CPU.ActiveCfg = Debug|Any CPU
		{A05CF359-9434-4A84-86BB-546FCBB1965E}.Debug|Any CPU.Build.0 = Debug|Any CPU
		{A05CF359-9434-4A84-86BB-546FCBB1965E}.Release|Any CPU.ActiveCfg = Release|Any CPU
		{A05CF359-9434-4A84-86BB-546FCBB1965E}.Release|Any CPU.Build.0 = Release|Any CPU
		{28827D07-7958-428A-A9D3-48D0E10445EF}.Debug|Any CPU.ActiveCfg = Debug|Any CPU
		{28827D07-7958-428A-A9D3-48D0E10445EF}.Debug|Any CPU.Build.0 = Debug|Any CPU
		{28827D07-7958-428A-A9D3-48D0E10445EF}.Release|Any CPU.ActiveCfg = Release|Any CPU
		{28827D07-7958-428A-A9D3-48D0E10445EF}.Release|Any CPU.Build.0 = Release|Any CPU
		{F8B57771-BE17-4CFC-8049-DC089A2E8A1D}.Debug|Any CPU.ActiveCfg = Debug|Any CPU
		{F8B57771-BE17-4CFC-8049-DC089A2E8A1D}.Debug|Any CPU.Build.0 = Debug|Any CPU
		{F8B57771-BE17-4CFC-8049-DC089A2E8A1D}.Release|Any CPU.ActiveCfg = Release|Any CPU
		{F8B57771-BE17-4CFC-8049-DC089A2E8A1D}.Release|Any CPU.Build.0 = Release|Any CPU
		{D22F7C1A-D352-46B2-B96B-51829E2DEC0F}.Debug|Any CPU.ActiveCfg = Debug|Any CPU
		{D22F7C1A-D352-46B2-B96B-51829E2DEC0F}.Debug|Any CPU.Build.0 = Debug|Any CPU
		{D22F7C1A-D352-46B2-B96B-51829E2DEC0F}.Release|Any CPU.ActiveCfg = Release|Any CPU
		{D22F7C1A-D352-46B2-B96B-51829E2DEC0F}.Release|Any CPU.Build.0 = Release|Any CPU
		{12E5E5F4-DC2B-420B-8B16-5C92BB733568}.Debug|Any CPU.ActiveCfg = Debug|Any CPU
		{12E5E5F4-DC2B-420B-8B16-5C92BB733568}.Debug|Any CPU.Build.0 = Debug|Any CPU
		{12E5E5F4-DC2B-420B-8B16-5C92BB733568}.Release|Any CPU.ActiveCfg = Release|Any CPU
		{12E5E5F4-DC2B-420B-8B16-5C92BB733568}.Release|Any CPU.Build.0 = Release|Any CPU
		{AC156D1C-28A3-401B-BB84-FAD3BF85B833}.Debug|Any CPU.ActiveCfg = Debug|Any CPU
		{AC156D1C-28A3-401B-BB84-FAD3BF85B833}.Debug|Any CPU.Build.0 = Debug|Any CPU
		{AC156D1C-28A3-401B-BB84-FAD3BF85B833}.Release|Any CPU.ActiveCfg = Release|Any CPU
		{AC156D1C-28A3-401B-BB84-FAD3BF85B833}.Release|Any CPU.Build.0 = Release|Any CPU
		{75C1CE9F-5A53-45B2-8968-05F1377FD5BB}.Debug|Any CPU.ActiveCfg = Debug|Any CPU
		{75C1CE9F-5A53-45B2-8968-05F1377FD5BB}.Debug|Any CPU.Build.0 = Debug|Any CPU
		{75C1CE9F-5A53-45B2-8968-05F1377FD5BB}.Release|Any CPU.ActiveCfg = Release|Any CPU
		{75C1CE9F-5A53-45B2-8968-05F1377FD5BB}.Release|Any CPU.Build.0 = Release|Any CPU
		{0E8BDF77-7072-41EA-829A-FA86A73E1D20}.Debug|Any CPU.ActiveCfg = Debug|Any CPU
		{0E8BDF77-7072-41EA-829A-FA86A73E1D20}.Debug|Any CPU.Build.0 = Debug|Any CPU
		{0E8BDF77-7072-41EA-829A-FA86A73E1D20}.Release|Any CPU.ActiveCfg = Release|Any CPU
		{0E8BDF77-7072-41EA-829A-FA86A73E1D20}.Release|Any CPU.Build.0 = Release|Any CPU
		{BF89D53F-5607-4CB8-8451-10FD11821E3F}.Debug|Any CPU.ActiveCfg = Debug|Any CPU
		{BF89D53F-5607-4CB8-8451-10FD11821E3F}.Debug|Any CPU.Build.0 = Debug|Any CPU
		{BF89D53F-5607-4CB8-8451-10FD11821E3F}.Release|Any CPU.ActiveCfg = Release|Any CPU
		{BF89D53F-5607-4CB8-8451-10FD11821E3F}.Release|Any CPU.Build.0 = Release|Any CPU
	EndGlobalSection
	GlobalSection(SolutionProperties) = preSolution
		HideSolutionNode = FALSE
	EndGlobalSection
	GlobalSection(ExtensibilityGlobals) = postSolution
		SolutionGuid = {DA15F29A-9E71-4471-9397-276761C750E1}
	EndGlobalSection
EndGlobal
