
Microsoft Visual Studio Solution File, Format Version 12.00
# Visual Studio Version 17
VisualStudioVersion = 17.2.32616.157
MinimumVisualStudioVersion = 10.0.40219.1
Project("{9A19103F-16F7-4668-BE54-9A1E7A4F7556}") = "AttendanceLog", "AttendanceLog\AttendanceLog.csproj", "{1DA0992D-B3C4-44C5-B77B-AE0FEE3541A4}"
EndProject
Project("{9A19103F-16F7-4668-BE54-9A1E7A4F7556}") = "Entities", "Entites\Entities.csproj", "{C4E46448-7652-4E1F-BABF-8334D1BA34C2}"
EndProject
Project("{9A19103F-16F7-4668-BE54-9A1E7A4F7556}") = "BusinessLogic.Student", "BusinessLogic.Student\BusinessLogic.Student.csproj", "{32112679-316A-48CF-A25A-1E5A51A5F012}"
EndProject
Project("{9A19103F-16F7-4668-BE54-9A1E7A4F7556}") = "BusinessLogic.Lecture", "BusinessLogic.Lecture\BusinessLogic.Lecture.csproj", "{B0446FDF-8C83-49ED-80FB-B4F4288A7ABC}"
EndProject
Project("{9A19103F-16F7-4668-BE54-9A1E7A4F7556}") = "BusinessLogic.Database", "BusinessLogic.Database\BusinessLogic.Database.csproj", "{99CB2867-802A-4A75-A214-CFE44FD7BDD0}"
EndProject
Project("{9A19103F-16F7-4668-BE54-9A1E7A4F7556}") = "BusinessLogic.Attendance", "BusinessLogic.Attendance\BusinessLogic.Attendance.csproj", "{8656BB8B-9794-4DA9-827C-BDAFB477DFA9}"
EndProject
Project("{9A19103F-16F7-4668-BE54-9A1E7A4F7556}") = "DataAccess.AttendanceEngine", "DataAccess.AttendanceEngine\DataAccess.AttendanceEngine.csproj", "{5EBD10FB-AEB7-4C2E-A8E7-D3B4EC89028F}"
EndProject
Project("{9A19103F-16F7-4668-BE54-9A1E7A4F7556}") = "DataAccess.DatabaseEngine", "DataAccess.DatabaseEngine\DataAccess.DatabaseEngine.csproj", "{1646284A-98E4-4A7C-920E-76949476939E}"
EndProject
Project("{9A19103F-16F7-4668-BE54-9A1E7A4F7556}") = "DataAccess.LectureEngine", "DataAccess.LectureEngine\DataAccess.LectureEngine.csproj", "{FB7A06A6-17E2-4B3A-B32A-8DF29A8FFFCD}"
EndProject
Project("{9A19103F-16F7-4668-BE54-9A1E7A4F7556}") = "DataAccess.StudentEngine", "DataAccess.StudentEngine\DataAccess.StudentEngine.csproj", "{E1B3B7EE-DE51-4BC0-8B8E-25ED5B086BD3}"
EndProject
Project("{9A19103F-16F7-4668-BE54-9A1E7A4F7556}") = "DataAccess", "DataAccess\DataAccess.csproj", "{0CD375CC-5436-43B3-AE6D-C75438332AF8}"
EndProject
Global
	GlobalSection(SolutionConfigurationPlatforms) = preSolution
		Debug|Any CPU = Debug|Any CPU
		Release|Any CPU = Release|Any CPU
	EndGlobalSection
	GlobalSection(ProjectConfigurationPlatforms) = postSolution
		{1DA0992D-B3C4-44C5-B77B-AE0FEE3541A4}.Debug|Any CPU.ActiveCfg = Debug|Any CPU
		{1DA0992D-B3C4-44C5-B77B-AE0FEE3541A4}.Debug|Any CPU.Build.0 = Debug|Any CPU
		{1DA0992D-B3C4-44C5-B77B-AE0FEE3541A4}.Release|Any CPU.ActiveCfg = Release|Any CPU
		{1DA0992D-B3C4-44C5-B77B-AE0FEE3541A4}.Release|Any CPU.Build.0 = Release|Any CPU
		{C4E46448-7652-4E1F-BABF-8334D1BA34C2}.Debug|Any CPU.ActiveCfg = Debug|Any CPU
		{C4E46448-7652-4E1F-BABF-8334D1BA34C2}.Debug|Any CPU.Build.0 = Debug|Any CPU
		{C4E46448-7652-4E1F-BABF-8334D1BA34C2}.Release|Any CPU.ActiveCfg = Release|Any CPU
		{C4E46448-7652-4E1F-BABF-8334D1BA34C2}.Release|Any CPU.Build.0 = Release|Any CPU
		{32112679-316A-48CF-A25A-1E5A51A5F012}.Debug|Any CPU.ActiveCfg = Debug|Any CPU
		{32112679-316A-48CF-A25A-1E5A51A5F012}.Debug|Any CPU.Build.0 = Debug|Any CPU
		{32112679-316A-48CF-A25A-1E5A51A5F012}.Release|Any CPU.ActiveCfg = Release|Any CPU
		{32112679-316A-48CF-A25A-1E5A51A5F012}.Release|Any CPU.Build.0 = Release|Any CPU
		{B0446FDF-8C83-49ED-80FB-B4F4288A7ABC}.Debug|Any CPU.ActiveCfg = Debug|Any CPU
		{B0446FDF-8C83-49ED-80FB-B4F4288A7ABC}.Debug|Any CPU.Build.0 = Debug|Any CPU
		{B0446FDF-8C83-49ED-80FB-B4F4288A7ABC}.Release|Any CPU.ActiveCfg = Release|Any CPU
		{B0446FDF-8C83-49ED-80FB-B4F4288A7ABC}.Release|Any CPU.Build.0 = Release|Any CPU
		{99CB2867-802A-4A75-A214-CFE44FD7BDD0}.Debug|Any CPU.ActiveCfg = Debug|Any CPU
		{99CB2867-802A-4A75-A214-CFE44FD7BDD0}.Debug|Any CPU.Build.0 = Debug|Any CPU
		{99CB2867-802A-4A75-A214-CFE44FD7BDD0}.Release|Any CPU.ActiveCfg = Release|Any CPU
		{99CB2867-802A-4A75-A214-CFE44FD7BDD0}.Release|Any CPU.Build.0 = Release|Any CPU
		{8656BB8B-9794-4DA9-827C-BDAFB477DFA9}.Debug|Any CPU.ActiveCfg = Debug|Any CPU
		{8656BB8B-9794-4DA9-827C-BDAFB477DFA9}.Debug|Any CPU.Build.0 = Debug|Any CPU
		{8656BB8B-9794-4DA9-827C-BDAFB477DFA9}.Release|Any CPU.ActiveCfg = Release|Any CPU
		{8656BB8B-9794-4DA9-827C-BDAFB477DFA9}.Release|Any CPU.Build.0 = Release|Any CPU
		{5EBD10FB-AEB7-4C2E-A8E7-D3B4EC89028F}.Debug|Any CPU.ActiveCfg = Debug|Any CPU
		{5EBD10FB-AEB7-4C2E-A8E7-D3B4EC89028F}.Debug|Any CPU.Build.0 = Debug|Any CPU
		{5EBD10FB-AEB7-4C2E-A8E7-D3B4EC89028F}.Release|Any CPU.ActiveCfg = Release|Any CPU
		{5EBD10FB-AEB7-4C2E-A8E7-D3B4EC89028F}.Release|Any CPU.Build.0 = Release|Any CPU
		{1646284A-98E4-4A7C-920E-76949476939E}.Debug|Any CPU.ActiveCfg = Debug|Any CPU
		{1646284A-98E4-4A7C-920E-76949476939E}.Debug|Any CPU.Build.0 = Debug|Any CPU
		{1646284A-98E4-4A7C-920E-76949476939E}.Release|Any CPU.ActiveCfg = Release|Any CPU
		{1646284A-98E4-4A7C-920E-76949476939E}.Release|Any CPU.Build.0 = Release|Any CPU
		{FB7A06A6-17E2-4B3A-B32A-8DF29A8FFFCD}.Debug|Any CPU.ActiveCfg = Debug|Any CPU
		{FB7A06A6-17E2-4B3A-B32A-8DF29A8FFFCD}.Debug|Any CPU.Build.0 = Debug|Any CPU
		{FB7A06A6-17E2-4B3A-B32A-8DF29A8FFFCD}.Release|Any CPU.ActiveCfg = Release|Any CPU
		{FB7A06A6-17E2-4B3A-B32A-8DF29A8FFFCD}.Release|Any CPU.Build.0 = Release|Any CPU
		{E1B3B7EE-DE51-4BC0-8B8E-25ED5B086BD3}.Debug|Any CPU.ActiveCfg = Debug|Any CPU
		{E1B3B7EE-DE51-4BC0-8B8E-25ED5B086BD3}.Debug|Any CPU.Build.0 = Debug|Any CPU
		{E1B3B7EE-DE51-4BC0-8B8E-25ED5B086BD3}.Release|Any CPU.ActiveCfg = Release|Any CPU
		{E1B3B7EE-DE51-4BC0-8B8E-25ED5B086BD3}.Release|Any CPU.Build.0 = Release|Any CPU
		{0CD375CC-5436-43B3-AE6D-C75438332AF8}.Debug|Any CPU.ActiveCfg = Debug|Any CPU
		{0CD375CC-5436-43B3-AE6D-C75438332AF8}.Debug|Any CPU.Build.0 = Debug|Any CPU
		{0CD375CC-5436-43B3-AE6D-C75438332AF8}.Release|Any CPU.ActiveCfg = Release|Any CPU
		{0CD375CC-5436-43B3-AE6D-C75438332AF8}.Release|Any CPU.Build.0 = Release|Any CPU
	EndGlobalSection
	GlobalSection(SolutionProperties) = preSolution
		HideSolutionNode = FALSE
	EndGlobalSection
	GlobalSection(ExtensibilityGlobals) = postSolution
		SolutionGuid = {C110354A-90BF-4D9A-8C95-AA0CB6F93798}
	EndGlobalSection
EndGlobal
